speakeasyVersion: 1.762.0
sources:
    Clerk-OAS:
        sourceNamespace: clerk-openapi
        sourceRevisionDigest: sha256:a3d77ac12818e60eb205c4436d5d1b5e5ee8189d9e3df1886bb2122969559835
        sourceBlobDigest: sha256:68dde75604d06878f6c104261ff2d0cd7a1e44c780c130620808ab761417906a
        tags:
            - latest
            - "2025-11-10"
targets:
    clerk:
        source: Clerk-OAS
        sourceNamespace: clerk-openapi
        sourceRevisionDigest: sha256:a3d77ac12818e60eb205c4436d5d1b5e5ee8189d9e3df1886bb2122969559835
        sourceBlobDigest: sha256:68dde75604d06878f6c104261ff2d0cd7a1e44c780c130620808ab761417906a
        codeSamplesNamespace: clerk-oas-ruby-code-samples
        codeSamplesRevisionDigest: sha256:e87cc27039ca7f5a6728fd70666a639135520cc1d53428504c9c4bb1991626d9
workflow:
    workflowVersion: 1.0.0
    speakeasyVersion: latest
    sources:
        Clerk-OAS:
            inputs:
                - location: https://raw.githubusercontent.com/clerk/openapi-specs/refs/heads/main/bapi/2025-11-10.yml
            overlays:
                - location: https://raw.githubusercontent.com/clerk/openapi-specs/refs/heads/main/.speakeasy/bapi/fixes.yml
            output: .speakeasy/out.openapi.yaml
            registry:
                location: registry.speakeasyapi.dev/clerk/clerk/clerk-openapi
    targets:
        clerk:
            target: ruby
            source: Clerk-OAS
            publish:
                rubygems:
                    token: $rubygems_auth_token
            codeSamples:
                registry:
                    location: registry.speakeasyapi.dev/clerk/clerk/clerk-oas-ruby-code-samples
                labelOverride:
                    fixedValue: Ruby (SDK)
                blocking: false
