speakeasyVersion: 1.776.0
sources:
    Clerk-OAS:
        sourceNamespace: clerk-openapi
        sourceRevisionDigest: sha256:99dc8116f1122fbcd9cf349293a25754012ba50809cb46b0e60dc62cf7fadbef
        sourceBlobDigest: sha256:c1b039acce1d7c902cd11535bce3cbb9d9af23f83630b98d2654adcdda4b333e
        tags:
            - latest
            - "2025-11-10"
targets:
    clerk:
        source: Clerk-OAS
        sourceNamespace: clerk-openapi
        sourceRevisionDigest: sha256:99dc8116f1122fbcd9cf349293a25754012ba50809cb46b0e60dc62cf7fadbef
        sourceBlobDigest: sha256:c1b039acce1d7c902cd11535bce3cbb9d9af23f83630b98d2654adcdda4b333e
        codeSamplesNamespace: clerk-oas-ruby-code-samples
        codeSamplesRevisionDigest: sha256:c97162ea503cac1553d5d15a2247b4d6557f6335c885ed41098c1302f20e3c4a
workflow:
    workflowVersion: 1.0.0
    speakeasyVersion: latest
    sources:
        Clerk-OAS:
            inputs:
                - location: https://raw.githubusercontent.com/clerk/openapi-specs/refs/heads/main/bapi/2025-11-10.yml
            overlays:
                - location: https://raw.githubusercontent.com/clerk/openapi-specs/refs/heads/main/.speakeasy/bapi/fixes.yml
            output: .speakeasy/out.openapi.yaml
            registry:
                location: registry.speakeasyapi.dev/clerk/clerk/clerk-openapi
    targets:
        clerk:
            target: ruby
            source: Clerk-OAS
            publish:
                rubygems:
                    token: $rubygems_auth_token
            codeSamples:
                registry:
                    location: registry.speakeasyapi.dev/clerk/clerk/clerk-oas-ruby-code-samples
                labelOverride:
                    fixedValue: Ruby (SDK)
                blocking: false
