speakeasyVersion: 1.715.0
sources:
    Clerk-OAS:
        sourceNamespace: clerk-openapi
        sourceRevisionDigest: sha256:400ee64c2b3c83c93b00df19095dbc0bf243cb48a22b680e38eb908c49630d3a
        sourceBlobDigest: sha256:30d2154f2f98fc9d84f669a18bba44795c6c57889d17713c25a38ec740cbd7b3
        tags:
            - latest
            - speakeasy-sdk-regen-1770943874
            - "2025-11-10"
targets:
    clerk:
        source: Clerk-OAS
        sourceNamespace: clerk-openapi
        sourceRevisionDigest: sha256:400ee64c2b3c83c93b00df19095dbc0bf243cb48a22b680e38eb908c49630d3a
        sourceBlobDigest: sha256:30d2154f2f98fc9d84f669a18bba44795c6c57889d17713c25a38ec740cbd7b3
        codeSamplesNamespace: clerk-oas-ruby-code-samples
        codeSamplesRevisionDigest: sha256:8f1f9d3f350d840cb0fd05c5b423ca6ecbf9470abc4fae35c21e8a59e41cff46
workflow:
    workflowVersion: 1.0.0
    speakeasyVersion: latest
    sources:
        Clerk-OAS:
            inputs:
                - location: https://raw.githubusercontent.com/clerk/openapi-specs/refs/heads/main/bapi/2025-11-10.yml
            overlays:
                - location: https://raw.githubusercontent.com/clerk/openapi-specs/refs/heads/main/.speakeasy/bapi/fixes.yml
            output: .speakeasy/out.openapi.yaml
            registry:
                location: registry.speakeasyapi.dev/clerk/clerk/clerk-openapi
    targets:
        clerk:
            target: ruby
            source: Clerk-OAS
            publish:
                rubygems:
                    token: $rubygems_auth_token
            codeSamples:
                registry:
                    location: registry.speakeasyapi.dev/clerk/clerk/clerk-oas-ruby-code-samples
                labelOverride:
                    fixedValue: Ruby (SDK)
                blocking: false
